
Microsoft Visual Studio Solution File, Format Version 12.00
# Visual Studio Version 17
VisualStudioVersion = 17.0.31919.166
MinimumVisualStudioVersion = 10.0.40219.1
Project("{2150E333-8FDC-42A3-9474-1A3956D46DE8}") = "API", "API", "{32E7B487-BBA3-430E-AA29-E331D8465350}"
EndProject
Project("{2150E333-8FDC-42A3-9474-1A3956D46DE8}") = "Core", "Core", "{921F3EF5-C2FF-4E34-A107-612AC23D165B}"
EndProject
Project("{9A19103F-16F7-4668-BE54-9A1E7A4F7556}") = "ORM", "ModelRepositories\ORM.csproj", "{9721AA1F-E87F-4FF5-AD6E-0881E45D43BE}"
EndProject
Project("{9A19103F-16F7-4668-BE54-9A1E7A4F7556}") = "Repository", "BusinessLayer\Repository.csproj", "{3D7769B8-FED6-43B1-B5F9-427E5B097C06}"
EndProject
Project("{FAE04EC0-301F-11D3-BF4B-00C04F79EFBC}") = "NetCoreBase", "NetCoreBase\NetCoreBase.csproj", "{5E8DB932-C76C-4E68-9011-8FBF34297E90}"
EndProject
Global
	GlobalSection(SolutionConfigurationPlatforms) = preSolution
		Debug|Any CPU = Debug|Any CPU
		Release|Any CPU = Release|Any CPU
	EndGlobalSection
	GlobalSection(ProjectConfigurationPlatforms) = postSolution
		{9721AA1F-E87F-4FF5-AD6E-0881E45D43BE}.Debug|Any CPU.ActiveCfg = Debug|Any CPU
		{9721AA1F-E87F-4FF5-AD6E-0881E45D43BE}.Debug|Any CPU.Build.0 = Debug|Any CPU
		{9721AA1F-E87F-4FF5-AD6E-0881E45D43BE}.Release|Any CPU.ActiveCfg = Release|Any CPU
		{9721AA1F-E87F-4FF5-AD6E-0881E45D43BE}.Release|Any CPU.Build.0 = Release|Any CPU
		{3D7769B8-FED6-43B1-B5F9-427E5B097C06}.Debug|Any CPU.ActiveCfg = Debug|Any CPU
		{3D7769B8-FED6-43B1-B5F9-427E5B097C06}.Debug|Any CPU.Build.0 = Debug|Any CPU
		{3D7769B8-FED6-43B1-B5F9-427E5B097C06}.Release|Any CPU.ActiveCfg = Release|Any CPU
		{3D7769B8-FED6-43B1-B5F9-427E5B097C06}.Release|Any CPU.Build.0 = Release|Any CPU
		{5E8DB932-C76C-4E68-9011-8FBF34297E90}.Debug|Any CPU.ActiveCfg = Debug|Any CPU
		{5E8DB932-C76C-4E68-9011-8FBF34297E90}.Debug|Any CPU.Build.0 = Debug|Any CPU
		{5E8DB932-C76C-4E68-9011-8FBF34297E90}.Release|Any CPU.ActiveCfg = Release|Any CPU
		{5E8DB932-C76C-4E68-9011-8FBF34297E90}.Release|Any CPU.Build.0 = Release|Any CPU
	EndGlobalSection
	GlobalSection(SolutionProperties) = preSolution
		HideSolutionNode = FALSE
	EndGlobalSection
	GlobalSection(NestedProjects) = preSolution
		{9721AA1F-E87F-4FF5-AD6E-0881E45D43BE} = {921F3EF5-C2FF-4E34-A107-612AC23D165B}
		{3D7769B8-FED6-43B1-B5F9-427E5B097C06} = {921F3EF5-C2FF-4E34-A107-612AC23D165B}
		{5E8DB932-C76C-4E68-9011-8FBF34297E90} = {32E7B487-BBA3-430E-AA29-E331D8465350}
	EndGlobalSection
	GlobalSection(ExtensibilityGlobals) = postSolution
		SolutionGuid = {88109A1B-FA01-43A8-8E7E-1AEE160B737E}
	EndGlobalSection
EndGlobal
